{
  "name": "biteling",
  "version": "1.0.0",
  "lockfileVersion": 3,
  "requires": true,
  "packages": {
    "": {
      "name": "biteling",
      "version": "1.0.0",
      "dependencies": {
        "youtube-transcript": "^1.2.1"
      },
      "devDependencies": {},
      "engines": {
        "node": ">=18.x"
      }
    },
    "node_modules/youtube-transcript": {
      "version": "1.2.1",
      "resolved": "https://registry.npmjs.org/youtube-transcript/-/youtube-transcript-1.2.1.tgz",
      "integrity": "sha512-TvEGkBaajKw+B6y91ziLuBLsa5cawgowou+Bk0ciGpjELDfAzSzTGXaZmeSSkUeknCPpEr/WGApOHDwV7V+Y9Q==",
      "license": "MIT",
      "engines": {
        "node": ">=18.0.0"
      }
    }
  }
}
